// !$*UTF8*$!
{
	archiveVersion = 1;
	classes = {
	};
	objectVersion = 50;
	objects = {

/* Begin PBXBuildFile section */
		0B114B0C276765520042DD1F /* AppDelegate.swift in Sources */ = {isa = PBXBuildFile; fileRef = 0B114B0B276765520042DD1F /* AppDelegate.swift */; };
		0B114B0E276765520042DD1F /* ViewController.swift in Sources */ = {isa = PBXBuildFile; fileRef = 0B114B0D276765520042DD1F /* ViewController.swift */; };
		0B114B11276765520042DD1F /* Main.storyboard in Resources */ = {isa = PBXBuildFile; fileRef = 0B114B0F276765520042DD1F /* Main.storyboard */; };
		0B114B13276765540042DD1F /* Assets.xcassets in Resources */ = {isa = PBXBuildFile; fileRef = 0B114B12276765540042DD1F /* Assets.xcassets */; };
		0B114B16276765540042DD1F /* LaunchScreen.storyboard in Resources */ = {isa = PBXBuildFile; fileRef = 0B114B14276765540042DD1F /* LaunchScreen.storyboard */; };
		0B114B1E276765E70042DD1F /* extension.swift in Sources */ = {isa = PBXBuildFile; fileRef = 0B114B1D276765E70042DD1F /* extension.swift */; };
		0B114B2027676A270042DD1F /* newNote.swift in Sources */ = {isa = PBXBuildFile; fileRef = 0B114B1F27676A270042DD1F /* newNote.swift */; };
		0B114B2227676A9C0042DD1F /* Notes.swift in Sources */ = {isa = PBXBuildFile; fileRef = 0B114B2127676A9C0042DD1F /* Notes.swift */; };
		0B114B2427676AE00042DD1F /* Emp.swift in Sources */ = {isa = PBXBuildFile; fileRef = 0B114B2327676AE00042DD1F /* Emp.swift */; };
		0B114B2627676B7D0042DD1F /* SqliteHandler.swift in Sources */ = {isa = PBXBuildFile; fileRef = 0B114B2527676B7D0042DD1F /* SqliteHandler.swift */; };
/* End PBXBuildFile section */

/* Begin PBXFileReference section */
		0B114B08276765520042DD1F /* DataBase.app */ = {isa = PBXFileReference; explicitFileType = wrapper.application; includeInIndex = 0; path = DataBase.app; sourceTree = BUILT_PRODUCTS_DIR; };
		0B114B0B276765520042DD1F /* AppDelegate.swift */ = {isa = PBXFileReference; lastKnownFileType = sourcecode.swift; path = AppDelegate.swift; sourceTree = "<group>"; };
		0B114B0D276765520042DD1F /* ViewController.swift */ = {isa = PBXFileReference; lastKnownFileType = sourcecode.swift; path = ViewController.swift; sourceTree = "<group>"; };
		0B114B10276765520042DD1F /* Base */ = {isa = PBXFileReference; lastKnownFileType = file.storyboard; name = Base; path = Base.lproj/Main.storyboard; sourceTree = "<group>"; };
		0B114B12276765540042DD1F /* Assets.xcassets */ = {isa = PBXFileReference; lastKnownFileType = folder.assetcatalog; path = Assets.xcassets; sourceTree = "<group>"; };
		0B114B15276765540042DD1F /* Base */ = {isa = PBXFileReference; lastKnownFileType = file.storyboard; name = Base; path = Base.lproj/LaunchScreen.storyboard; sourceTree = "<group>"; };
		0B114B17276765540042DD1F /* Info.plist */ = {isa = PBXFileReference; lastKnownFileType = text.plist.xml; path = Info.plist; sourceTree = "<group>"; };
		0B114B1D276765E70042DD1F /* extension.swift */ = {isa = PBXFileReference; lastKnownFileType = sourcecode.swift; path = extension.swift; sourceTree = "<group>"; };
		0B114B1F27676A270042DD1F /* newNote.swift */ = {isa = PBXFileReference; lastKnownFileType = sourcecode.swift; path = newNote.swift; sourceTree = "<group>"; };
		0B114B2127676A9C0042DD1F /* Notes.swift */ = {isa = PBXFileReference; lastKnownFileType = sourcecode.swift; path = Notes.swift; sourceTree = "<group>"; };
		0B114B2327676AE00042DD1F /* Emp.swift */ = {isa = PBXFileReference; lastKnownFileType = sourcecode.swift; path = Emp.swift; sourceTree = "<group>"; };
		0B114B2527676B7D0042DD1F /* SqliteHandler.swift */ = {isa = PBXFileReference; lastKnownFileType = sourcecode.swift; path = SqliteHandler.swift; sourceTree = "<group>"; };
/* End PBXFileReference section */

/* Begin PBXFrameworksBuildPhase section */
		0B114B05276765520042DD1F /* Frameworks */ = {
			isa = PBXFrameworksBuildPhase;
			buildActionMask = 2147483647;
			files = (
			);
			runOnlyForDeploymentPostprocessing = 0;
		};
/* End PBXFrameworksBuildPhase section */

/* Begin PBXGroup section */
		0B114AFF276765520042DD1F = {
			isa = PBXGroup;
			children = (
				0B114B0A276765520042DD1F /* DataBase */,
				0B114B09276765520042DD1F /* Products */,
			);
			sourceTree = "<group>";
		};
		0B114B09276765520042DD1F /* Products */ = {
			isa = PBXGroup;
			children = (
				0B114B08276765520042DD1F /* DataBase.app */,
			);
			name = Products;
			sourceTree = "<group>";
		};
		0B114B0A276765520042DD1F /* DataBase */ = {
			isa = PBXGroup;
			children = (
				0B114B0B276765520042DD1F /* AppDelegate.swift */,
				0B114B0D276765520042DD1F /* ViewController.swift */,
				0B114B1D276765E70042DD1F /* extension.swift */,
				0B114B0F276765520042DD1F /* Main.storyboard */,
				0B114B12276765540042DD1F /* Assets.xcassets */,
				0B114B14276765540042DD1F /* LaunchScreen.storyboard */,
				0B114B17276765540042DD1F /* Info.plist */,
				0B114B1F27676A270042DD1F /* newNote.swift */,
				0B114B2327676AE00042DD1F /* Emp.swift */,
				0B114B2127676A9C0042DD1F /* Notes.swift */,
				0B114B2527676B7D0042DD1F /* SqliteHandler.swift */,
			);
			path = DataBase;
			sourceTree = "<group>";
		};
/* End PBXGroup section */

/* Begin PBXNativeTarget section */
		0B114B07276765520042DD1F /* DataBase */ = {
			isa = PBXNativeTarget;
			buildConfigurationList = 0B114B1A276765540042DD1F /* Build configuration list for PBXNativeTarget "DataBase" */;
			buildPhases = (
				0B114B04276765520042DD1F /* Sources */,
				0B114B05276765520042DD1F /* Frameworks */,
				0B114B06276765520042DD1F /* Resources */,
			);
			buildRules = (
			);
			dependencies = (
			);
			name = DataBase;
			productName = DataBase;
			productReference = 0B114B08276765520042DD1F /* DataBase.app */;
			productType = "com.apple.product-type.application";
		};
/* End PBXNativeTarget section */

/* Begin PBXProject section */
		0B114B00276765520042DD1F /* Project object */ = {
			isa = PBXProject;
			attributes = {
				LastSwiftUpdateCheck = 1020;
				LastUpgradeCheck = 1020;
				ORGANIZATIONNAME = DCS;
				TargetAttributes = {
					0B114B07276765520042DD1F = {
						CreatedOnToolsVersion = 10.2.1;
					};
				};
			};
			buildConfigurationList = 0B114B03276765520042DD1F /* Build configuration list for PBXProject "DataBase" */;
			compatibilityVersion = "Xcode 9.3";
			developmentRegion = en;
			hasScannedForEncodings = 0;
			knownRegions = (
				en,
				Base,
			);
			mainGroup = 0B114AFF276765520042DD1F;
			productRefGroup = 0B114B09276765520042DD1F /* Products */;
			projectDirPath = "";
			projectRoot = "";
			targets = (
				0B114B07276765520042DD1F /* DataBase */,
			);
		};
/* End PBXProject section */

/* Begin PBXResourcesBuildPhase section */
		0B114B06276765520042DD1F /* Resources */ = {
			isa = PBXResourcesBuildPhase;
			buildActionMask = 2147483647;
			files = (
				0B114B16276765540042DD1F /* LaunchScreen.storyboard in Resources */,
				0B114B13276765540042DD1F /* Assets.xcassets in Resources */,
				0B114B11276765520042DD1F /* Main.storyboard in Resources */,
			);
			runOnlyForDeploymentPostprocessing = 0;
		};
/* End PBXResourcesBuildPhase section */

/* Begin PBXSourcesBuildPhase section */
		0B114B04276765520042DD1F /* Sources */ = {
			isa = PBXSourcesBuildPhase;
			buildActionMask = 2147483647;
			files = (
				0B114B2427676AE00042DD1F /* Emp.swift in Sources */,
				0B114B2027676A270042DD1F /* newNote.swift in Sources */,
				0B114B2227676A9C0042DD1F /* Notes.swift in Sources */,
				0B114B1E276765E70042DD1F /* extension.swift in Sources */,
				0B114B0E276765520042DD1F /* ViewController.swift in Sources */,
				0B114B2627676B7D0042DD1F /* SqliteHandler.swift in Sources */,
				0B114B0C276765520042DD1F /* AppDelegate.swift in Sources */,
			);
			runOnlyForDeploymentPostprocessing = 0;
		};
/* End PBXSourcesBuildPhase section */

/* Begin PBXVariantGroup section */
		0B114B0F276765520042DD1F /* Main.storyboard */ = {
			isa = PBXVariantGroup;
			children = (
				0B114B10276765520042DD1F /* Base */,
			);
			name = Main.storyboard;
			sourceTree = "<group>";
		};
		0B114B14276765540042DD1F /* LaunchScreen.storyboard */ = {
			isa = PBXVariantGroup;
			children = (
				0B114B15276765540042DD1F /* Base */,
			);
			name = LaunchScreen.storyboard;
			sourceTree = "<group>";
		};
/* End PBXVariantGroup section */

/* Begin XCBuildConfiguration section */
		0B114B18276765540042DD1F /* Debug */ = {
			isa = XCBuildConfiguration;
			buildSettings = {
				ALWAYS_SEARCH_USER_PATHS = NO;
				CLANG_ANALYZER_NONNULL = YES;
				CLANG_ANALYZER_NUMBER_OBJECT_CONVERSION = YES_AGGRESSIVE;
				CLANG_CXX_LANGUAGE_STANDARD = "gnu++14";
				CLANG_CXX_LIBRARY = "libc++";
				CLANG_ENABLE_MODULES = YES;
				CLANG_ENABLE_OBJC_ARC = YES;
				CLANG_ENABLE_OBJC_WEAK = YES;
				CLANG_WARN_BLOCK_CAPTURE_AUTORELEASING = YES;
				CLANG_WARN_BOOL_CONVERSION = YES;
				CLANG_WARN_COMMA = YES;
				CLANG_WARN_CONSTANT_CONVERSION = YES;
				CLANG_WARN_DEPRECATED_OBJC_IMPLEMENTATIONS = YES;
				CLANG_WARN_DIRECT_OBJC_ISA_USAGE = YES_ERROR;
				CLANG_WARN_DOCUMENTATION_COMMENTS = YES;
				CLANG_WARN_EMPTY_BODY = YES;
				CLANG_WARN_ENUM_CONVERSION = YES;
				CLANG_WARN_INFINITE_RECURSION = YES;
				CLANG_WARN_INT_CONVERSION = YES;
				CLANG_WARN_NON_LITERAL_NULL_CONVERSION = YES;
				CLANG_WARN_OBJC_IMPLICIT_RETAIN_SELF = YES;
				CLANG_WARN_OBJC_LITERAL_CONVERSION = YES;
				CLANG_WARN_OBJC_ROOT_CLASS = YES_ERROR;
				CLANG_WARN_RANGE_LOOP_ANALYSIS = YES;
				CLANG_WARN_STRICT_PROTOTYPES = YES;
				CLANG_WARN_SUSPICIOUS_MOVE = YES;
				CLANG_WARN_UNGUARDED_AVAILABILITY = YES_AGGRESSIVE;
				CLANG_WARN_UNREACHABLE_CODE = YES;
				CLANG_WARN__DUPLICATE_METHOD_MATCH = YES;
				CODE_SIGN_IDENTITY = "iPhone Developer";
				COPY_PHASE_STRIP = NO;
				DEBUG_INFORMATION_FORMAT = dwarf;
				ENABLE_STRICT_OBJC_MSGSEND = YES;
				ENABLE_TESTABILITY = YES;
				GCC_C_LANGUAGE_STANDARD = gnu11;
				GCC_DYNAMIC_NO_PIC = NO;
				GCC_NO_COMMON_BLOCKS = YES;
				GCC_OPTIMIZATION_LEVEL = 0;
				GCC_PREPROCESSOR_DEFINITIONS = (
					"DEBUG=1",
					"$(inherited)",
				);
				GCC_WARN_64_TO_32_BIT_CONVERSION = YES;
				GCC_WARN_ABOUT_RETURN_TYPE = YES_ERROR;
				GCC_WARN_UNDECLARED_SELECTOR = YES;
				GCC_WARN_UNINITIALIZED_AUTOS = YES_AGGRESSIVE;
				GCC_WARN_UNUSED_FUNCTION = YES;
				GCC_WARN_UNUSED_VARIABLE = YES;
				IPHONEOS_DEPLOYMENT_TARGET = 12.2;
				MTL_ENABLE_DEBUG_INFO = INCLUDE_SOURCE;
				MTL_FAST_MATH = YES;
				ONLY_ACTIVE_ARCH = YES;
				SDKROOT = iphoneos;
				SWIFT_ACTIVE_COMPILATION_CONDITIONS = DEBUG;
				SWIFT_OPTIMIZATION_LEVEL = "-Onone";
			};
			name = Debug;
		};
		0B114B19276765540042DD1F /* Release */ = {
			isa = XCBuildConfiguration;
			buildSettings = {
				ALWAYS_SEARCH_USER_PATHS = NO;
				CLANG_ANALYZER_NONNULL = YES;
				CLANG_ANALYZER_NUMBER_OBJECT_CONVERSION = YES_AGGRESSIVE;
				CLANG_CXX_LANGUAGE_STANDARD = "gnu++14";
				CLANG_CXX_LIBRARY = "libc++";
				CLANG_ENABLE_MODULES = YES;
				CLANG_ENABLE_OBJC_ARC = YES;
				CLANG_ENABLE_OBJC_WEAK = YES;
				CLANG_WARN_BLOCK_CAPTURE_AUTORELEASING = YES;
				CLANG_WARN_BOOL_CONVERSION = YES;
				CLANG_WARN_COMMA = YES;
				CLANG_WARN_CONSTANT_CONVERSION = YES;
				CLANG_WARN_DEPRECATED_OBJC_IMPLEMENTATIONS = YES;
				CLANG_WARN_DIRECT_OBJC_ISA_USAGE = YES_ERROR;
				CLANG_WARN_DOCUMENTATION_COMMENTS = YES;
				CLANG_WARN_EMPTY_BODY = YES;
				CLANG_WARN_ENUM_CONVERSION = YES;
				CLANG_WARN_INFINITE_RECURSION = YES;
				CLANG_WARN_INT_CONVERSION = YES;
				CLANG_WARN_NON_LITERAL_NULL_CONVERSION = YES;
				CLANG_WARN_OBJC_IMPLICIT_RETAIN_SELF = YES;
				CLANG_WARN_OBJC_LITERAL_CONVERSION = YES;
				CLANG_WARN_OBJC_ROOT_CLASS = YES_ERROR;
				CLANG_WARN_RANGE_LOOP_ANALYSIS = YES;
				CLANG_WARN_STRICT_PROTOTYPES = YES;
				CLANG_WARN_SUSPICIOUS_MOVE = YES;
				CLANG_WARN_UNGUARDED_AVAILABILITY = YES_AGGRESSIVE;
				CLANG_WARN_UNREACHABLE_CODE = YES;
				CLANG_WARN__DUPLICATE_METHOD_MATCH = YES;
				CODE_SIGN_IDENTITY = "iPhone Developer";
				COPY_PHASE_STRIP = NO;
				DEBUG_INFORMATION_FORMAT = "dwarf-with-dsym";
				ENABLE_NS_ASSERTIONS = NO;
				ENABLE_STRICT_OBJC_MSGSEND = YES;
				GCC_C_LANGUAGE_STANDARD = gnu11;
				GCC_NO_COMMON_BLOCKS = YES;
				GCC_WARN_64_TO_32_BIT_CONVERSION = YES;
				GCC_WARN_ABOUT_RETURN_TYPE = YES_ERROR;
				GCC_WARN_UNDECLARED_SELECTOR = YES;
				GCC_WARN_UNINITIALIZED_AUTOS = YES_AGGRESSIVE;
				GCC_WARN_UNUSED_FUNCTION = YES;
				GCC_WARN_UNUSED_VARIABLE = YES;
				IPHONEOS_DEPLOYMENT_TARGET = 12.2;
				MTL_ENABLE_DEBUG_INFO = NO;
				MTL_FAST_MATH = YES;
				SDKROOT = iphoneos;
				SWIFT_COMPILATION_MODE = wholemodule;
				SWIFT_OPTIMIZATION_LEVEL = "-O";
				VALIDATE_PRODUCT = YES;
			};
			name = Release;
		};
		0B114B1B276765540042DD1F /* Debug */ = {
			isa = XCBuildConfiguration;
			buildSettings = {
				ASSETCATALOG_COMPILER_APPICON_NAME = AppIcon;
				CODE_SIGN_STYLE = Automatic;
				INFOPLIST_FILE = DataBase/Info.plist;
				LD_RUNPATH_SEARCH_PATHS = (
					"$(inherited)",
					"@executable_path/Frameworks",
				);
				PRODUCT_BUNDLE_IDENTIFIER = in.ac.vnsgu.dcs.DataBase;
				PRODUCT_NAME = "$(TARGET_NAME)";
				SWIFT_VERSION = 5.0;
				TARGETED_DEVICE_FAMILY = "1,2";
			};
			name = Debug;
		};
		0B114B1C276765540042DD1F /* Release */ = {
			isa = XCBuildConfiguration;
			buildSettings = {
				ASSETCATALOG_COMPILER_APPICON_NAME = AppIcon;
				CODE_SIGN_STYLE = Automatic;
				INFOPLIST_FILE = DataBase/Info.plist;
				LD_RUNPATH_SEARCH_PATHS = (
					"$(inherited)",
					"@executable_path/Frameworks",
				);
				PRODUCT_BUNDLE_IDENTIFIER = in.ac.vnsgu.dcs.DataBase;
				PRODUCT_NAME = "$(TARGET_NAME)";
				SWIFT_VERSION = 5.0;
				TARGETED_DEVICE_FAMILY = "1,2";
			};
			name = Release;
		};
/* End XCBuildConfiguration section */

/* Begin XCConfigurationList section */
		0B114B03276765520042DD1F /* Build configuration list for PBXProject "DataBase" */ = {
			isa = XCConfigurationList;
			buildConfigurations = (
				0B114B18276765540042DD1F /* Debug */,
				0B114B19276765540042DD1F /* Release */,
			);
			defaultConfigurationIsVisible = 0;
			defaultConfigurationName = Release;
		};
		0B114B1A276765540042DD1F /* Build configuration list for PBXNativeTarget "DataBase" */ = {
			isa = XCConfigurationList;
			buildConfigurations = (
				0B114B1B276765540042DD1F /* Debug */,
				0B114B1C276765540042DD1F /* Release */,
			);
			defaultConfigurationIsVisible = 0;
			defaultConfigurationName = Release;
		};
/* End XCConfigurationList section */
	};
	rootObject = 0B114B00276765520042DD1F /* Project object */;
}
